Microsoft Visual Studio Solution File, Format Version 11.00
# Visual Studio 2008

Project("{AFAF41FF-8A83-33C8-9157-8338F71AC2B2}") = "myChat", "Assembly-CSharp.csproj", "{FC0C9BD3-1634-9ADE-471E-0B417E8BC8C0}"
EndProject
Project("{AFAF41FF-8A83-33C8-9157-8338F71AC2B2}") = "myChat", "Assembly-CSharp-Editor.csproj", "{C7D52779-020A-9E85-9B0E-DEF585FF019A}"
EndProject
Global
	GlobalSection(SolutionConfigurationPlatforms) = preSolution
		Debug|Any CPU = Debug|Any CPU
		Release|Any CPU = Release|Any CPU
	EndGlobalSection
	GlobalSection(ProjectConfigurationPlatforms) = postSolution
		{FC0C9BD3-1634-9ADE-471E-0B417E8BC8C0}.Debug|Any CPU.ActiveCfg = Debug|Any CPU
		{FC0C9BD3-1634-9ADE-471E-0B417E8BC8C0}.Debug|Any CPU.Build.0 = Debug|Any CPU
		{FC0C9BD3-1634-9ADE-471E-0B417E8BC8C0}.Release|Any CPU.ActiveCfg = Release|Any CPU
		{FC0C9BD3-1634-9ADE-471E-0B417E8BC8C0}.Release|Any CPU.Build.0 = Release|Any CPU
		{C7D52779-020A-9E85-9B0E-DEF585FF019A}.Debug|Any CPU.ActiveCfg = Debug|Any CPU
		{C7D52779-020A-9E85-9B0E-DEF585FF019A}.Debug|Any CPU.Build.0 = Debug|Any CPU
		{C7D52779-020A-9E85-9B0E-DEF585FF019A}.Release|Any CPU.ActiveCfg = Release|Any CPU
		{C7D52779-020A-9E85-9B0E-DEF585FF019A}.Release|Any CPU.Build.0 = Release|Any CPU
	EndGlobalSection
	GlobalSection(SolutionProperties) = preSolution
		HideSolutionNode = FALSE
	EndGlobalSection
	GlobalSection(MonoDevelopProperties) = preSolution
		StartupItem = Assembly-CSharp.csproj
	EndGlobalSection
EndGlobal
